{
  "version": 4,
  "terraform_version": "0.12.9",
  "serial": 545,
  "lineage": "7dc06b8f-4d69-363f-1d77-ba31293c8d89",
  "outputs": {
    "db_internal_ip": {
      "value": "10.156.0.4",
      "type": "string"
    },
    "db_name": {
      "value": "mgdb-tf",
      "type": "string"
    },
    "db_project": {
      "value": "united-aura-252016",
      "type": "string"
    },
    "db_zone": {
      "value": "europe-west3-c",
      "type": "string"
    },
    "pd_internal_ip": {
      "value": "10.156.0.5",
      "type": "string"
    },
    "pd_name": {
      "value": "pd-tf",
      "type": "string"
    },
    "pd_project": {
      "value": "united-aura-252016",
      "type": "string"
    },
    "pd_zone": {
      "value": "europe-west3-b",
      "type": "string"
    }
  },
  "resources": [
    {
      "mode": "managed",
      "type": "google_compute_firewall",
      "name": "fedb-8099",
      "provider": "provider.google",
      "instances": [
        {
          "schema_version": 1,
          "attributes": {
            "allow": [
              {
                "ports": [
                  "8099"
                ],
                "protocol": "tcp"
              }
            ],
            "creation_timestamp": "2019-10-30T00:53:28.341-07:00",
            "deny": [],
            "description": "",
            "destination_ranges": [],
            "direction": "INGRESS",
            "disabled": false,
            "id": "fedb-8099",
            "name": "fedb-8099",
            "network": "https://www.googleapis.com/compute/v1/projects/united-aura-252016/global/networks/default",
            "priority": 1000,
            "project": "united-aura-252016",
            "self_link": "https://www.googleapis.com/compute/v1/projects/united-aura-252016/global/firewalls/fedb-8099",
            "source_ranges": [
              "0.0.0.0/0"
            ],
            "source_service_accounts": null,
            "source_tags": null,
            "target_service_accounts": null,
            "target_tags": [
              "fedb-8099"
            ],
            "timeouts": null
          },
          "private": "eyJlMmJmYjczMC1lY2FhLTExZTYtOGY4OC0zNDM2M2JjN2M0YzAiOnsiY3JlYXRlIjoyNDAwMDAwMDAwMDAsImRlbGV0ZSI6MjQwMDAwMDAwMDAwLCJ1cGRhdGUiOjI0MDAwMDAwMDAwMH0sInNjaGVtYV92ZXJzaW9uIjoiMSJ9"
        }
      ]
    },
    {
      "mode": "managed",
      "type": "google_compute_firewall",
      "name": "http-app-8081",
      "provider": "provider.google",
      "instances": [
        {
          "schema_version": 1,
          "attributes": {
            "allow": [
              {
                "ports": [
                  "8081"
                ],
                "protocol": "tcp"
              }
            ],
            "creation_timestamp": "2019-10-30T00:53:28.454-07:00",
            "deny": [],
            "description": "",
            "destination_ranges": [],
            "direction": "INGRESS",
            "disabled": false,
            "id": "http-8081",
            "name": "http-8081",
            "network": "https://www.googleapis.com/compute/v1/projects/united-aura-252016/global/networks/default",
            "priority": 1000,
            "project": "united-aura-252016",
            "self_link": "https://www.googleapis.com/compute/v1/projects/united-aura-252016/global/firewalls/http-8081",
            "source_ranges": [
              "0.0.0.0/0"
            ],
            "source_service_accounts": null,
            "source_tags": null,
            "target_service_accounts": null,
            "target_tags": [
              "http-app-8081"
            ],
            "timeouts": null
          },
          "private": "eyJlMmJmYjczMC1lY2FhLTExZTYtOGY4OC0zNDM2M2JjN2M0YzAiOnsiY3JlYXRlIjoyNDAwMDAwMDAwMDAsImRlbGV0ZSI6MjQwMDAwMDAwMDAwLCJ1cGRhdGUiOjI0MDAwMDAwMDAwMH0sInNjaGVtYV92ZXJzaW9uIjoiMSJ9"
        }
      ]
    },
    {
      "mode": "managed",
      "type": "google_compute_firewall",
      "name": "mgdb-27017",
      "provider": "provider.google",
      "instances": [
        {
          "schema_version": 1,
          "attributes": {
            "allow": [
              {
                "ports": [
                  "27017"
                ],
                "protocol": "tcp"
              }
            ],
            "creation_timestamp": "2019-10-30T00:53:28.344-07:00",
            "deny": [],
            "description": "",
            "destination_ranges": [],
            "direction": "INGRESS",
            "disabled": false,
            "id": "mgdb-27017",
            "name": "mgdb-27017",
            "network": "https://www.googleapis.com/compute/v1/projects/united-aura-252016/global/networks/default",
            "priority": 1000,
            "project": "united-aura-252016",
            "self_link": "https://www.googleapis.com/compute/v1/projects/united-aura-252016/global/firewalls/mgdb-27017",
            "source_ranges": [
              "0.0.0.0/0"
            ],
            "source_service_accounts": null,
            "source_tags": null,
            "target_service_accounts": null,
            "target_tags": [
              "mgdb-27017"
            ],
            "timeouts": null
          },
          "private": "eyJlMmJmYjczMC1lY2FhLTExZTYtOGY4OC0zNDM2M2JjN2M0YzAiOnsiY3JlYXRlIjoyNDAwMDAwMDAwMDAsImRlbGV0ZSI6MjQwMDAwMDAwMDAwLCJ1cGRhdGUiOjI0MDAwMDAwMDAwMH0sInNjaGVtYV92ZXJzaW9uIjoiMSJ9"
        }
      ]
    },
    {
      "module": "module.db",
      "mode": "managed",
      "type": "google_compute_instance",
      "name": "mgdb",
      "provider": "provider.google",
      "instances": [
        {
          "schema_version": 6,
          "attributes": {
            "allow_stopping_for_update": null,
            "attached_disk": [],
            "boot_disk": [
              {
                "auto_delete": true,
                "device_name": "persistent-disk-0",
                "disk_encryption_key_raw": "",
                "disk_encryption_key_sha256": "",
                "initialize_params": [
                  {
                    "image": "https://www.googleapis.com/compute/v1/projects/centos-cloud/global/images/centos-7-v20190905",
                    "labels": {},
                    "size": 100,
                    "type": "pd-standard"
                  }
                ],
                "kms_key_self_link": "",
                "mode": "READ_WRITE",
                "source": "https://www.googleapis.com/compute/v1/projects/united-aura-252016/zones/europe-west3-c/disks/mgdb-tf"
              }
            ],
            "can_ip_forward": false,
            "cpu_platform": "Intel Broadwell",
            "deletion_protection": false,
            "description": "",
            "disk": [],
            "guest_accelerator": [],
            "hostname": "",
            "id": "mgdb-tf",
            "instance_id": "2234930356871823254",
            "label_fingerprint": "42WmSpB8rSM=",
            "labels": null,
            "machine_type": "custom-2-4096",
            "metadata": {
              "ssh-keys": "isakovasvitlana:ssh-rsa AAAAB3NzaC1yc2EAAAADAQABAAABAQCo3sqEjoy3RjtKiildm/yvAGpBiKYEECnxbjKmPLOzZzkU7QdqcylNWYetRADkTVldoYmwGnMT8D3+4gfeusNNXJs4Yujx9RLtdVg65qivRDIRaopLIsuJV6A+hWcEvLD/DyEMmlF+gXyyOMNaGIMey7egFS8/uQ5etYFZURyXT9kZlRlgFSn7FlC1g8ONhzUdQu1czyOqedDTr3BRheVRKfg8UEMVh/KgVXKh9umv/pzn4dYcYEqOTPh1JamHUqz7X7stcMnMsPJNu4+SNnPvpiykesjaFXY5uDW+iNRO5kjfnInoCZlYsJwkQehjRoc7yRU0r5KRO9fwnEjlQdEh isakovasvitlana"
            },
            "metadata_fingerprint": "ERqJqECuvM4=",
            "metadata_startup_script": "",
            "min_cpu_platform": "",
            "name": "mgdb-tf",
            "network_interface": [
              {
                "access_config": [
                  {
                    "assigned_nat_ip": "",
                    "nat_ip": "35.198.97.225",
                    "network_tier": "PREMIUM",
                    "public_ptr_domain_name": ""
                  }
                ],
                "address": "",
                "alias_ip_range": [],
                "name": "nic0",
                "network": "https://www.googleapis.com/compute/v1/projects/united-aura-252016/global/networks/default",
                "network_ip": "10.156.0.4",
                "subnetwork": "https://www.googleapis.com/compute/v1/projects/united-aura-252016/regions/europe-west3/subnetworks/default",
                "subnetwork_project": "united-aura-252016"
              }
            ],
            "project": "united-aura-252016",
            "scheduling": [
              {
                "automatic_restart": true,
                "node_affinities": [],
                "on_host_maintenance": "MIGRATE",
                "preemptible": false
              }
            ],
            "scratch_disk": [],
            "self_link": "https://www.googleapis.com/compute/v1/projects/united-aura-252016/zones/europe-west3-c/instances/mgdb-tf",
            "service_account": [],
            "shielded_instance_config": [],
            "tags": [
              "http-server",
              "https-server",
              "mgdb-27017"
            ],
            "tags_fingerprint": "_R4cu5LydJI=",
            "timeouts": null,
            "zone": "europe-west3-c"
          },
          "private": "eyJlMmJmYjczMC1lY2FhLTExZTYtOGY4OC0zNDM2M2JjN2M0YzAiOnsiY3JlYXRlIjoxMjAwMDAwMDAwMDAwLCJkZWxldGUiOjEyMDAwMDAwMDAwMDAsInVwZGF0ZSI6MTIwMDAwMDAwMDAwMH0sInNjaGVtYV92ZXJzaW9uIjoiNiJ9"
        }
      ]
    },
    {
      "module": "module.pd",
      "mode": "managed",
      "type": "google_compute_instance",
      "name": "pd",
      "provider": "provider.google",
      "instances": [
        {
          "schema_version": 6,
          "attributes": {
            "allow_stopping_for_update": null,
            "attached_disk": [],
            "boot_disk": [
              {
                "auto_delete": true,
                "device_name": "persistent-disk-0",
                "disk_encryption_key_raw": "",
                "disk_encryption_key_sha256": "",
                "initialize_params": [
                  {
                    "image": "https://www.googleapis.com/compute/v1/projects/debian-cloud/global/images/debian-9-stretch-v20190905",
                    "labels": {},
                    "size": 100,
                    "type": "pd-standard"
                  }
                ],
                "kms_key_self_link": "",
                "mode": "READ_WRITE",
                "source": "https://www.googleapis.com/compute/v1/projects/united-aura-252016/zones/europe-west3-b/disks/pd-tf"
              }
            ],
            "can_ip_forward": false,
            "cpu_platform": "Intel Broadwell",
            "deletion_protection": false,
            "description": "",
            "disk": [],
            "guest_accelerator": [],
            "hostname": "",
            "id": "pd-tf",
            "instance_id": "4539643888470917014",
            "label_fingerprint": "42WmSpB8rSM=",
            "labels": null,
            "machine_type": "custom-2-4096",
            "metadata": {
              "ssh-keys": "isakovasvitlana:ssh-rsa AAAAB3NzaC1yc2EAAAADAQABAAABAQCtLsBrVF+9zEcsC58bhZEdbCjGlWjHOH+sJxi+51TB6qgkwZv3FUxuYOVoCks+/JSIP1TChXZS7Qu3WVDDxVnH8Pmon4nlHZdsCvIVeM0kPIjuoWnebwqG9IQaJ9gWHVwhaor/ORtWruu1O6Us6GSjaxamK1Oni27nMeTjKE66cdQ79kR+Srt1G/dHxRqagc8CzLfPMN0wX6y992qOAx4Z4AK0qLidAFRHabqGzWNdtdfZ1icMzHFUwBRwupIJwMJ3nWiUuepR8n6+QKxxq56h81niHOxj6rvhN10Utfd9VbT/3hDuCwO12ulqL/ct4HT2TE5pIo92DkaLK7Iv+ILt isakovasvitlana\n"
            },
            "metadata_fingerprint": "Y56QLwrEoIE=",
            "metadata_startup_script": "",
            "min_cpu_platform": "",
            "name": "pd-tf",
            "network_interface": [
              {
                "access_config": [
                  {
                    "assigned_nat_ip": "",
                    "nat_ip": "35.246.207.174",
                    "network_tier": "PREMIUM",
                    "public_ptr_domain_name": ""
                  }
                ],
                "address": "",
                "alias_ip_range": [],
                "name": "nic0",
                "network": "https://www.googleapis.com/compute/v1/projects/united-aura-252016/global/networks/default",
                "network_ip": "10.156.0.5",
                "subnetwork": "https://www.googleapis.com/compute/v1/projects/united-aura-252016/regions/europe-west3/subnetworks/default",
                "subnetwork_project": "united-aura-252016"
              }
            ],
            "project": "united-aura-252016",
            "scheduling": [
              {
                "automatic_restart": true,
                "node_affinities": [],
                "on_host_maintenance": "MIGRATE",
                "preemptible": false
              }
            ],
            "scratch_disk": [],
            "self_link": "https://www.googleapis.com/compute/v1/projects/united-aura-252016/zones/europe-west3-b/instances/pd-tf",
            "service_account": [],
            "shielded_instance_config": [],
            "tags": [
              "fedb-8099",
              "http-app-8081",
              "http-server",
              "https-server"
            ],
            "tags_fingerprint": "5MdqpJG7whs=",
            "timeouts": null,
            "zone": "europe-west3-b"
          },
          "private": "eyJlMmJmYjczMC1lY2FhLTExZTYtOGY4OC0zNDM2M2JjN2M0YzAiOnsiY3JlYXRlIjoxMjAwMDAwMDAwMDAwLCJkZWxldGUiOjEyMDAwMDAwMDAwMDAsInVwZGF0ZSI6MTIwMDAwMDAwMDAwMH0sInNjaGVtYV92ZXJzaW9uIjoiNiJ9"
        }
      ]
    },
    {
      "module": "module.db",
      "mode": "managed",
      "type": "null_resource",
      "name": "mgdb_prov",
      "provider": "provider.null",
      "instances": [
        {
          "schema_version": 0,
          "attributes": {
            "id": "7861216203751986201",
            "triggers": null
          },
          "private": "bnVsbA==",
          "depends_on": [
            "google_compute_instance.mgdb"
          ]
        }
      ]
    },
    {
      "module": "module.pd",
      "mode": "managed",
      "type": "null_resource",
      "name": "pd_prov",
      "provider": "provider.null",
      "instances": [
        {
          "schema_version": 0,
          "attributes": {
            "id": "3616121696288129121",
            "triggers": null
          },
          "private": "bnVsbA==",
          "depends_on": [
            "google_compute_instance.pd"
          ]
        }
      ]
    }
  ]
}
