{
  "version": 4,
  "terraform_version": "0.12.9",
  "serial": 80,
  "lineage": "7dc06b8f-4d69-363f-1d77-ba31293c8d89",
  "outputs": {
    "db_external_ip": {
      "value": "34.89.183.134",
      "type": "string"
    },
    "dns_internal": {
      "value": {
        "allow_stopping_for_update": null,
        "attached_disk": [],
        "boot_disk": [
          {
            "auto_delete": true,
            "device_name": "persistent-disk-0",
            "disk_encryption_key_raw": "",
            "disk_encryption_key_sha256": "",
            "initialize_params": [
              {
                "image": "https://www.googleapis.com/compute/v1/projects/centos-cloud/global/images/centos-7-v20190905",
                "labels": {},
                "size": 100,
                "type": "pd-standard"
              }
            ],
            "kms_key_self_link": "",
            "mode": "READ_WRITE",
            "source": "https://www.googleapis.com/compute/v1/projects/united-aura-252016/zones/europe-west3-c/disks/mgdb-tf"
          }
        ],
        "can_ip_forward": false,
        "cpu_platform": "Intel Broadwell",
        "deletion_protection": false,
        "description": "",
        "disk": [],
        "guest_accelerator": [],
        "hostname": "",
        "id": "mgdb-tf",
        "instance_id": "4327758158027488779",
        "label_fingerprint": "42WmSpB8rSM=",
        "labels": {},
        "machine_type": "custom-2-4096",
        "metadata": {
          "ssh-keys": "isakovasvitlana:ssh-rsa AAAAB3NzaC1yc2EAAAADAQABAAABAQCo3sqEjoy3RjtKiildm/yvAGpBiKYEECnxbjKmPLOzZzkU7QdqcylNWYetRADkTVldoYmwGnMT8D3+4gfeusNNXJs4Yujx9RLtdVg65qivRDIRaopLIsuJV6A+hWcEvLD/DyEMmlF+gXyyOMNaGIMey7egFS8/uQ5etYFZURyXT9kZlRlgFSn7FlC1g8ONhzUdQu1czyOqedDTr3BRheVRKfg8UEMVh/KgVXKh9umv/pzn4dYcYEqOTPh1JamHUqz7X7stcMnMsPJNu4+SNnPvpiykesjaFXY5uDW+iNRO5kjfnInoCZlYsJwkQehjRoc7yRU0r5KRO9fwnEjlQdEh isakovasvitlana"
        },
        "metadata_fingerprint": "ERqJqECuvM4=",
        "metadata_startup_script": "",
        "min_cpu_platform": "",
        "name": "mgdb-tf",
        "network_interface": [
          {
            "access_config": [
              {
                "assigned_nat_ip": "",
                "nat_ip": "34.89.183.134",
                "network_tier": "PREMIUM",
                "public_ptr_domain_name": ""
              }
            ],
            "address": "",
            "alias_ip_range": [],
            "name": "nic0",
            "network": "https://www.googleapis.com/compute/v1/projects/united-aura-252016/global/networks/default",
            "network_ip": "10.156.0.40",
            "subnetwork": "https://www.googleapis.com/compute/v1/projects/united-aura-252016/regions/europe-west3/subnetworks/default",
            "subnetwork_project": "united-aura-252016"
          }
        ],
        "project": "united-aura-252016",
        "scheduling": [
          {
            "automatic_restart": true,
            "node_affinities": [],
            "on_host_maintenance": "MIGRATE",
            "preemptible": false
          }
        ],
        "scratch_disk": [],
        "self_link": "https://www.googleapis.com/compute/v1/projects/united-aura-252016/zones/europe-west3-c/instances/mgdb-tf",
        "service_account": [],
        "shielded_instance_config": [],
        "tags": [
          "http-server",
          "https-server",
          "mgdb-27017"
        ],
        "tags_fingerprint": "_R4cu5LydJI=",
        "timeouts": null,
        "zone": "europe-west3-c"
      },
      "type": [
        "object",
        {
          "allow_stopping_for_update": "bool",
          "attached_disk": [
            "list",
            [
              "object",
              {
                "device_name": "string",
                "disk_encryption_key_raw": "string",
                "disk_encryption_key_sha256": "string",
                "kms_key_self_link": "string",
                "mode": "string",
                "source": "string"
              }
            ]
          ],
          "boot_disk": [
            "list",
            [
              "object",
              {
                "auto_delete": "bool",
                "device_name": "string",
                "disk_encryption_key_raw": "string",
                "disk_encryption_key_sha256": "string",
                "initialize_params": [
                  "list",
                  [
                    "object",
                    {
                      "image": "string",
                      "labels": [
                        "map",
                        "string"
                      ],
                      "size": "number",
                      "type": "string"
                    }
                  ]
                ],
                "kms_key_self_link": "string",
                "mode": "string",
                "source": "string"
              }
            ]
          ],
          "can_ip_forward": "bool",
          "cpu_platform": "string",
          "deletion_protection": "bool",
          "description": "string",
          "disk": [
            "list",
            [
              "object",
              {
                "auto_delete": "bool",
                "device_name": "string",
                "disk": "string",
                "disk_encryption_key_raw": "string",
                "disk_encryption_key_sha256": "string",
                "image": "string",
                "scratch": "bool",
                "size": "number",
                "type": "string"
              }
            ]
          ],
          "guest_accelerator": [
            "list",
            [
              "object",
              {
                "count": "number",
                "type": "string"
              }
            ]
          ],
          "hostname": "string",
          "id": "string",
          "instance_id": "string",
          "label_fingerprint": "string",
          "labels": [
            "map",
            "string"
          ],
          "machine_type": "string",
          "metadata": [
            "map",
            "string"
          ],
          "metadata_fingerprint": "string",
          "metadata_startup_script": "string",
          "min_cpu_platform": "string",
          "name": "string",
          "network_interface": [
            "list",
            [
              "object",
              {
                "access_config": [
                  "list",
                  [
                    "object",
                    {
                      "assigned_nat_ip": "string",
                      "nat_ip": "string",
                      "network_tier": "string",
                      "public_ptr_domain_name": "string"
                    }
                  ]
                ],
                "address": "string",
                "alias_ip_range": [
                  "list",
                  [
                    "object",
                    {
                      "ip_cidr_range": "string",
                      "subnetwork_range_name": "string"
                    }
                  ]
                ],
                "name": "string",
                "network": "string",
                "network_ip": "string",
                "subnetwork": "string",
                "subnetwork_project": "string"
              }
            ]
          ],
          "project": "string",
          "scheduling": [
            "list",
            [
              "object",
              {
                "automatic_restart": "bool",
                "node_affinities": [
                  "set",
                  [
                    "object",
                    {
                      "key": "string",
                      "operator": "string",
                      "values": [
                        "set",
                        "string"
                      ]
                    }
                  ]
                ],
                "on_host_maintenance": "string",
                "preemptible": "bool"
              }
            ]
          ],
          "scratch_disk": [
            "list",
            [
              "object",
              {
                "interface": "string"
              }
            ]
          ],
          "self_link": "string",
          "service_account": [
            "list",
            [
              "object",
              {
                "email": "string",
                "scopes": [
                  "set",
                  "string"
                ]
              }
            ]
          ],
          "shielded_instance_config": [
            "list",
            [
              "object",
              {
                "enable_integrity_monitoring": "bool",
                "enable_secure_boot": "bool",
                "enable_vtpm": "bool"
              }
            ]
          ],
          "tags": [
            "set",
            "string"
          ],
          "tags_fingerprint": "string",
          "timeouts": [
            "object",
            {
              "create": "string",
              "delete": "string",
              "update": "string"
            }
          ],
          "zone": "string"
        }
      ]
    },
    "name": {
      "value": "mgdb-tf",
      "type": "string"
    },
    "project": {
      "value": "united-aura-252016",
      "type": "string"
    },
    "zone": {
      "value": "europe-west3-c",
      "type": "string"
    }
  },
  "resources": [
    {
      "mode": "managed",
      "type": "google_compute_firewall",
      "name": "http-app-8081",
      "provider": "provider.google",
      "instances": [
        {
          "schema_version": 1,
          "attributes": {
            "allow": [
              {
                "ports": [
                  "8081"
                ],
                "protocol": "tcp"
              }
            ],
            "creation_timestamp": "2019-10-19T09:59:15.121-07:00",
            "deny": [],
            "description": "",
            "destination_ranges": [],
            "direction": "INGRESS",
            "disabled": false,
            "id": "http-8081",
            "name": "http-8081",
            "network": "https://www.googleapis.com/compute/v1/projects/united-aura-252016/global/networks/default",
            "priority": 1000,
            "project": "united-aura-252016",
            "self_link": "https://www.googleapis.com/compute/v1/projects/united-aura-252016/global/firewalls/http-8081",
            "source_ranges": [
              "0.0.0.0/0"
            ],
            "source_service_accounts": [],
            "source_tags": [],
            "target_service_accounts": [],
            "target_tags": [
              "http-app-8081"
            ],
            "timeouts": null
          },
          "private": "eyJlMmJmYjczMC1lY2FhLTExZTYtOGY4OC0zNDM2M2JjN2M0YzAiOnsiY3JlYXRlIjoyNDAwMDAwMDAwMDAsImRlbGV0ZSI6MjQwMDAwMDAwMDAwLCJ1cGRhdGUiOjI0MDAwMDAwMDAwMH0sInNjaGVtYV92ZXJzaW9uIjoiMSJ9"
        }
      ]
    },
    {
      "mode": "managed",
      "type": "google_compute_firewall",
      "name": "mgdb-27017",
      "provider": "provider.google",
      "instances": [
        {
          "schema_version": 1,
          "attributes": {
            "allow": [
              {
                "ports": [
                  "27017"
                ],
                "protocol": "tcp"
              }
            ],
            "creation_timestamp": "2019-10-19T09:59:15.356-07:00",
            "deny": [],
            "description": "",
            "destination_ranges": [],
            "direction": "INGRESS",
            "disabled": false,
            "id": "mgdb-27017",
            "name": "mgdb-27017",
            "network": "https://www.googleapis.com/compute/v1/projects/united-aura-252016/global/networks/default",
            "priority": 1000,
            "project": "united-aura-252016",
            "self_link": "https://www.googleapis.com/compute/v1/projects/united-aura-252016/global/firewalls/mgdb-27017",
            "source_ranges": [
              "0.0.0.0/0"
            ],
            "source_service_accounts": [],
            "source_tags": [],
            "target_service_accounts": [],
            "target_tags": [
              "mgdb-27017"
            ],
            "timeouts": null
          },
          "private": "eyJlMmJmYjczMC1lY2FhLTExZTYtOGY4OC0zNDM2M2JjN2M0YzAiOnsiY3JlYXRlIjoyNDAwMDAwMDAwMDAsImRlbGV0ZSI6MjQwMDAwMDAwMDAwLCJ1cGRhdGUiOjI0MDAwMDAwMDAwMH0sInNjaGVtYV92ZXJzaW9uIjoiMSJ9"
        }
      ]
    },
    {
      "module": "module.db",
      "mode": "managed",
      "type": "google_compute_instance",
      "name": "mgdb",
      "provider": "provider.google",
      "instances": [
        {
          "schema_version": 6,
          "attributes": {
            "allow_stopping_for_update": null,
            "attached_disk": [],
            "boot_disk": [
              {
                "auto_delete": true,
                "device_name": "persistent-disk-0",
                "disk_encryption_key_raw": "",
                "disk_encryption_key_sha256": "",
                "initialize_params": [
                  {
                    "image": "https://www.googleapis.com/compute/v1/projects/centos-cloud/global/images/centos-7-v20190905",
                    "labels": {},
                    "size": 100,
                    "type": "pd-standard"
                  }
                ],
                "kms_key_self_link": "",
                "mode": "READ_WRITE",
                "source": "https://www.googleapis.com/compute/v1/projects/united-aura-252016/zones/europe-west3-c/disks/mgdb-tf"
              }
            ],
            "can_ip_forward": false,
            "cpu_platform": "Intel Broadwell",
            "deletion_protection": false,
            "description": "",
            "disk": [],
            "guest_accelerator": [],
            "hostname": "",
            "id": "mgdb-tf",
            "instance_id": "4327758158027488779",
            "label_fingerprint": "42WmSpB8rSM=",
            "labels": {},
            "machine_type": "custom-2-4096",
            "metadata": {
              "ssh-keys": "isakovasvitlana:ssh-rsa AAAAB3NzaC1yc2EAAAADAQABAAABAQCo3sqEjoy3RjtKiildm/yvAGpBiKYEECnxbjKmPLOzZzkU7QdqcylNWYetRADkTVldoYmwGnMT8D3+4gfeusNNXJs4Yujx9RLtdVg65qivRDIRaopLIsuJV6A+hWcEvLD/DyEMmlF+gXyyOMNaGIMey7egFS8/uQ5etYFZURyXT9kZlRlgFSn7FlC1g8ONhzUdQu1czyOqedDTr3BRheVRKfg8UEMVh/KgVXKh9umv/pzn4dYcYEqOTPh1JamHUqz7X7stcMnMsPJNu4+SNnPvpiykesjaFXY5uDW+iNRO5kjfnInoCZlYsJwkQehjRoc7yRU0r5KRO9fwnEjlQdEh isakovasvitlana"
            },
            "metadata_fingerprint": "ERqJqECuvM4=",
            "metadata_startup_script": "",
            "min_cpu_platform": "",
            "name": "mgdb-tf",
            "network_interface": [
              {
                "access_config": [
                  {
                    "assigned_nat_ip": "",
                    "nat_ip": "34.89.183.134",
                    "network_tier": "PREMIUM",
                    "public_ptr_domain_name": ""
                  }
                ],
                "address": "",
                "alias_ip_range": [],
                "name": "nic0",
                "network": "https://www.googleapis.com/compute/v1/projects/united-aura-252016/global/networks/default",
                "network_ip": "10.156.0.40",
                "subnetwork": "https://www.googleapis.com/compute/v1/projects/united-aura-252016/regions/europe-west3/subnetworks/default",
                "subnetwork_project": "united-aura-252016"
              }
            ],
            "project": "united-aura-252016",
            "scheduling": [
              {
                "automatic_restart": true,
                "node_affinities": [],
                "on_host_maintenance": "MIGRATE",
                "preemptible": false
              }
            ],
            "scratch_disk": [],
            "self_link": "https://www.googleapis.com/compute/v1/projects/united-aura-252016/zones/europe-west3-c/instances/mgdb-tf",
            "service_account": [],
            "shielded_instance_config": [],
            "tags": [
              "http-server",
              "https-server",
              "mgdb-27017"
            ],
            "tags_fingerprint": "_R4cu5LydJI=",
            "timeouts": null,
            "zone": "europe-west3-c"
          },
          "private": "eyJlMmJmYjczMC1lY2FhLTExZTYtOGY4OC0zNDM2M2JjN2M0YzAiOnsiY3JlYXRlIjoxMjAwMDAwMDAwMDAwLCJkZWxldGUiOjEyMDAwMDAwMDAwMDAsInVwZGF0ZSI6MTIwMDAwMDAwMDAwMH0sInNjaGVtYV92ZXJzaW9uIjoiNiJ9"
        }
      ]
    },
    {
      "module": "module.pd",
      "mode": "managed",
      "type": "google_compute_instance",
      "name": "pd",
      "provider": "provider.google",
      "instances": [
        {
          "schema_version": 6,
          "attributes": {
            "allow_stopping_for_update": null,
            "attached_disk": [],
            "boot_disk": [
              {
                "auto_delete": true,
                "device_name": "persistent-disk-0",
                "disk_encryption_key_raw": "",
                "disk_encryption_key_sha256": "",
                "initialize_params": [
                  {
                    "image": "https://www.googleapis.com/compute/v1/projects/debian-cloud/global/images/debian-9-stretch-v20190905",
                    "labels": {},
                    "size": 100,
                    "type": "pd-standard"
                  }
                ],
                "kms_key_self_link": "",
                "mode": "READ_WRITE",
                "source": "https://www.googleapis.com/compute/v1/projects/united-aura-252016/zones/europe-west3-b/disks/pd-tf"
              }
            ],
            "can_ip_forward": false,
            "cpu_platform": "Intel Broadwell",
            "deletion_protection": false,
            "description": "",
            "disk": [],
            "guest_accelerator": [],
            "hostname": "",
            "id": "pd-tf",
            "instance_id": "5838292396479544843",
            "label_fingerprint": "42WmSpB8rSM=",
            "labels": {},
            "machine_type": "custom-2-4096",
            "metadata": {
              "ssh-keys": "isakovasvitlana:ssh-rsa AAAAB3NzaC1yc2EAAAADAQABAAABAQCtLsBrVF+9zEcsC58bhZEdbCjGlWjHOH+sJxi+51TB6qgkwZv3FUxuYOVoCks+/JSIP1TChXZS7Qu3WVDDxVnH8Pmon4nlHZdsCvIVeM0kPIjuoWnebwqG9IQaJ9gWHVwhaor/ORtWruu1O6Us6GSjaxamK1Oni27nMeTjKE66cdQ79kR+Srt1G/dHxRqagc8CzLfPMN0wX6y992qOAx4Z4AK0qLidAFRHabqGzWNdtdfZ1icMzHFUwBRwupIJwMJ3nWiUuepR8n6+QKxxq56h81niHOxj6rvhN10Utfd9VbT/3hDuCwO12ulqL/ct4HT2TE5pIo92DkaLK7Iv+ILt isakovasvitlana\n"
            },
            "metadata_fingerprint": "Y56QLwrEoIE=",
            "metadata_startup_script": "",
            "min_cpu_platform": "",
            "name": "pd-tf",
            "network_interface": [
              {
                "access_config": [
                  {
                    "assigned_nat_ip": "",
                    "nat_ip": "35.198.119.209",
                    "network_tier": "PREMIUM",
                    "public_ptr_domain_name": ""
                  }
                ],
                "address": "",
                "alias_ip_range": [],
                "name": "nic0",
                "network": "https://www.googleapis.com/compute/v1/projects/united-aura-252016/global/networks/default",
                "network_ip": "10.156.0.41",
                "subnetwork": "https://www.googleapis.com/compute/v1/projects/united-aura-252016/regions/europe-west3/subnetworks/default",
                "subnetwork_project": "united-aura-252016"
              }
            ],
            "project": "united-aura-252016",
            "scheduling": [
              {
                "automatic_restart": true,
                "node_affinities": [],
                "on_host_maintenance": "MIGRATE",
                "preemptible": false
              }
            ],
            "scratch_disk": [],
            "self_link": "https://www.googleapis.com/compute/v1/projects/united-aura-252016/zones/europe-west3-b/instances/pd-tf",
            "service_account": [],
            "shielded_instance_config": [],
            "tags": [
              "http-app-8081",
              "http-server",
              "https-server"
            ],
            "tags_fingerprint": "G1tVckNeCMI=",
            "timeouts": null,
            "zone": "europe-west3-b"
          },
          "private": "eyJlMmJmYjczMC1lY2FhLTExZTYtOGY4OC0zNDM2M2JjN2M0YzAiOnsiY3JlYXRlIjoxMjAwMDAwMDAwMDAwLCJkZWxldGUiOjEyMDAwMDAwMDAwMDAsInVwZGF0ZSI6MTIwMDAwMDAwMDAwMH0sInNjaGVtYV92ZXJzaW9uIjoiNiJ9"
        }
      ]
    },
    {
      "module": "module.db",
      "mode": "managed",
      "type": "null_resource",
      "name": "mgdb_prov",
      "provider": "provider.null",
      "instances": [
        {
          "schema_version": 0,
          "attributes": {
            "id": "1962805647674006252",
            "triggers": null
          },
          "depends_on": [
            "google_compute_instance.mgdb"
          ]
        }
      ]
    },
    {
      "module": "module.pd",
      "mode": "managed",
      "type": "null_resource",
      "name": "pd_prov",
      "provider": "provider.null",
      "instances": [
        {
          "schema_version": 0,
          "attributes": {
            "id": "3977493554360561495",
            "triggers": null
          },
          "depends_on": [
            "google_compute_instance.pd"
          ]
        }
      ]
    }
  ]
}
